
Microsoft Visual Studio Solution File, Format Version 12.00
# Visual Studio Version 17
VisualStudioVersion = 17.2.32516.85
MinimumVisualStudioVersion = 10.0.40219.1
Project("{8BC9CEB8-8B4A-11D0-8D11-00A0C91BC942}") = "Grafos", "Grafos.vcxproj", "{FF131869-80BA-43AC-9CEF-D5C228F28D0B}"
EndProject
Global
	GlobalSection(SolutionConfigurationPlatforms) = preSolution
		Debug|x64 = Debug|x64
		Debug|x86 = Debug|x86
		Release|x64 = Release|x64
		Release|x86 = Release|x86
	EndGlobalSection
	GlobalSection(ProjectConfigurationPlatforms) = postSolution
		{FF131869-80BA-43AC-9CEF-D5C228F28D0B}.Debug|x64.ActiveCfg = Debug|x64
		{FF131869-80BA-43AC-9CEF-D5C228F28D0B}.Debug|x64.Build.0 = Debug|x64
		{FF131869-80BA-43AC-9CEF-D5C228F28D0B}.Debug|x86.ActiveCfg = Debug|Win32
		{FF131869-80BA-43AC-9CEF-D5C228F28D0B}.Debug|x86.Build.0 = Debug|Win32
		{FF131869-80BA-43AC-9CEF-D5C228F28D0B}.Release|x64.ActiveCfg = Release|x64
		{FF131869-80BA-43AC-9CEF-D5C228F28D0B}.Release|x64.Build.0 = Release|x64
		{FF131869-80BA-43AC-9CEF-D5C228F28D0B}.Release|x86.ActiveCfg = Release|Win32
		{FF131869-80BA-43AC-9CEF-D5C228F28D0B}.Release|x86.Build.0 = Release|Win32
	EndGlobalSection
	GlobalSection(SolutionProperties) = preSolution
		HideSolutionNode = FALSE
	EndGlobalSection
	GlobalSection(ExtensibilityGlobals) = postSolution
		SolutionGuid = {B7C5EB82-B46C-4F80-8AB2-B255F0F03048}
	EndGlobalSection
EndGlobal
